
Microsoft Visual Studio Solution File, Format Version 12.00
# Visual Studio Version 16
VisualStudioVersion = 16.0.30011.22
MinimumVisualStudioVersion = 10.0.40219.1
Project("{FAE04EC0-301F-11D3-BF4B-00C04F79EFBC}") = "file_tree", "file_tree.csproj", "{9CBA93E6-8799-43B6-AAD5-E287B4263F9C}"
EndProject
Global
	GlobalSection(SolutionConfigurationPlatforms) = preSolution
		Debug|Any CPU = Debug|Any CPU
		Release|Any CPU = Release|Any CPU
	EndGlobalSection
	GlobalSection(ProjectConfigurationPlatforms) = postSolution
		{9CBA93E6-8799-43B6-AAD5-E287B4263F9C}.Debug|Any CPU.ActiveCfg = Debug|Any CPU
		{9CBA93E6-8799-43B6-AAD5-E287B4263F9C}.Debug|Any CPU.Build.0 = Debug|Any CPU
		{9CBA93E6-8799-43B6-AAD5-E287B4263F9C}.Release|Any CPU.ActiveCfg = Release|Any CPU
		{9CBA93E6-8799-43B6-AAD5-E287B4263F9C}.Release|Any CPU.Build.0 = Release|Any CPU
	EndGlobalSection
	GlobalSection(SolutionProperties) = preSolution
		HideSolutionNode = FALSE
	EndGlobalSection
	GlobalSection(ExtensibilityGlobals) = postSolution
		SolutionGuid = {9B754621-6011-453C-8EA9-E2F93F02E1CC}
	EndGlobalSection
EndGlobal
